// !$*UTF8*$!
{
	archiveVersion = 1;
	classes = {
	};
	objectVersion = 55;
	objects = {

/* Begin PBXBuildFile section */
		571836D7283D72D000BFBBA5 /* NeuButtonStyle.swift in Sources */ = {isa = PBXBuildFile; fileRef = 571836D6283D72D000BFBBA5 /* NeuButtonStyle.swift */; };
		571CE6692821BFCC00C2E24F /* MMColorizeApp.swift in Sources */ = {isa = PBXBuildFile; fileRef = 571CE6682821BFCC00C2E24F /* MMColorizeApp.swift */; };
		571CE66B2821BFCC00C2E24F /* ContentView.swift in Sources */ = {isa = PBXBuildFile; fileRef = 571CE66A2821BFCC00C2E24F /* ContentView.swift */; };
		571CE66D2821BFCC00C2E24F /* Assets.xcassets in Resources */ = {isa = PBXBuildFile; fileRef = 571CE66C2821BFCC00C2E24F /* Assets.xcassets */; };
		571CE6702821BFCC00C2E24F /* Preview Assets.xcassets in Resources */ = {isa = PBXBuildFile; fileRef = 571CE66F2821BFCC00C2E24F /* Preview Assets.xcassets */; };
		57280A49282896DB00E7BEBA /* ViewExtension.swift in Sources */ = {isa = PBXBuildFile; fileRef = 57280A48282896DB00E7BEBA /* ViewExtension.swift */; };
		57894467282339500092D65B /* Game.swift in Sources */ = {isa = PBXBuildFile; fileRef = 57894466282339500092D65B /* Game.swift */; };
		578944692823396F0092D65B /* RGB.swift in Sources */ = {isa = PBXBuildFile; fileRef = 578944682823396F0092D65B /* RGB.swift */; };
		5789446B2823398F0092D65B /* ColorExtension.swift in Sources */ = {isa = PBXBuildFile; fileRef = 5789446A2823398F0092D65B /* ColorExtension.swift */; };
		578C202228246BA5004E1A99 /* ColorCircle.swift in Sources */ = {isa = PBXBuildFile; fileRef = 578C202128246BA5004E1A99 /* ColorCircle.swift */; };
/* End PBXBuildFile section */

/* Begin PBXFileReference section */
		571836D6283D72D000BFBBA5 /* NeuButtonStyle.swift */ = {isa = PBXFileReference; lastKnownFileType = sourcecode.swift; path = NeuButtonStyle.swift; sourceTree = "<group>"; };
		571CE6652821BFCC00C2E24F /* MMColorize.app */ = {isa = PBXFileReference; explicitFileType = wrapper.application; includeInIndex = 0; path = MMColorize.app; sourceTree = BUILT_PRODUCTS_DIR; };
		571CE6682821BFCC00C2E24F /* MMColorizeApp.swift */ = {isa = PBXFileReference; lastKnownFileType = sourcecode.swift; path = MMColorizeApp.swift; sourceTree = "<group>"; };
		571CE66A2821BFCC00C2E24F /* ContentView.swift */ = {isa = PBXFileReference; lastKnownFileType = sourcecode.swift; path = ContentView.swift; sourceTree = "<group>"; };
		571CE66C2821BFCC00C2E24F /* Assets.xcassets */ = {isa = PBXFileReference; lastKnownFileType = folder.assetcatalog; path = Assets.xcassets; sourceTree = "<group>"; };
		571CE66F2821BFCC00C2E24F /* Preview Assets.xcassets */ = {isa = PBXFileReference; lastKnownFileType = folder.assetcatalog; path = "Preview Assets.xcassets"; sourceTree = "<group>"; };
		57280A48282896DB00E7BEBA /* ViewExtension.swift */ = {isa = PBXFileReference; lastKnownFileType = sourcecode.swift; path = ViewExtension.swift; sourceTree = "<group>"; };
		57894466282339500092D65B /* Game.swift */ = {isa = PBXFileReference; lastKnownFileType = sourcecode.swift; path = Game.swift; sourceTree = "<group>"; };
		578944682823396F0092D65B /* RGB.swift */ = {isa = PBXFileReference; lastKnownFileType = sourcecode.swift; path = RGB.swift; sourceTree = "<group>"; };
		5789446A2823398F0092D65B /* ColorExtension.swift */ = {isa = PBXFileReference; lastKnownFileType = sourcecode.swift; path = ColorExtension.swift; sourceTree = "<group>"; };
		578C202128246BA5004E1A99 /* ColorCircle.swift */ = {isa = PBXFileReference; lastKnownFileType = sourcecode.swift; path = ColorCircle.swift; sourceTree = "<group>"; };
/* End PBXFileReference section */

/* Begin PBXFrameworksBuildPhase section */
		571CE6622821BFCC00C2E24F /* Frameworks */ = {
			isa = PBXFrameworksBuildPhase;
			buildActionMask = 2147483647;
			files = (
			);
			runOnlyForDeploymentPostprocessing = 0;
		};
/* End PBXFrameworksBuildPhase section */

/* Begin PBXGroup section */
		571CE65C2821BFCC00C2E24F = {
			isa = PBXGroup;
			children = (
				571CE6672821BFCC00C2E24F /* MMColorize */,
				571CE6662821BFCC00C2E24F /* Products */,
			);
			sourceTree = "<group>";
		};
		571CE6662821BFCC00C2E24F /* Products */ = {
			isa = PBXGroup;
			children = (
				571CE6652821BFCC00C2E24F /* MMColorize.app */,
			);
			name = Products;
			sourceTree = "<group>";
		};
		571CE6672821BFCC00C2E24F /* MMColorize */ = {
			isa = PBXGroup;
			children = (
				57280A47282896CB00E7BEBA /* Extensions */,
				578C202028246B7D004E1A99 /* Views */,
				5789446C2823399E0092D65B /* Model */,
				571CE6682821BFCC00C2E24F /* MMColorizeApp.swift */,
				571CE66A2821BFCC00C2E24F /* ContentView.swift */,
				571CE66C2821BFCC00C2E24F /* Assets.xcassets */,
				571CE66E2821BFCC00C2E24F /* Preview Content */,
			);
			path = MMColorize;
			sourceTree = "<group>";
		};
		571CE66E2821BFCC00C2E24F /* Preview Content */ = {
			isa = PBXGroup;
			children = (
				571CE66F2821BFCC00C2E24F /* Preview Assets.xcassets */,
			);
			path = "Preview Content";
			sourceTree = "<group>";
		};
		57280A47282896CB00E7BEBA /* Extensions */ = {
			isa = PBXGroup;
			children = (
				57280A48282896DB00E7BEBA /* ViewExtension.swift */,
			);
			path = Extensions;
			sourceTree = "<group>";
		};
		5789446C2823399E0092D65B /* Model */ = {
			isa = PBXGroup;
			children = (
				57894466282339500092D65B /* Game.swift */,
				578944682823396F0092D65B /* RGB.swift */,
				5789446A2823398F0092D65B /* ColorExtension.swift */,
			);
			path = Model;
			sourceTree = "<group>";
		};
		578C202028246B7D004E1A99 /* Views */ = {
			isa = PBXGroup;
			children = (
				578C202128246BA5004E1A99 /* ColorCircle.swift */,
				571836D6283D72D000BFBBA5 /* NeuButtonStyle.swift */,
			);
			path = Views;
			sourceTree = "<group>";
		};
/* End PBXGroup section */

/* Begin PBXNativeTarget section */
		571CE6642821BFCC00C2E24F /* MMColorize */ = {
			isa = PBXNativeTarget;
			buildConfigurationList = 571CE6732821BFCC00C2E24F /* Build configuration list for PBXNativeTarget "MMColorize" */;
			buildPhases = (
				571CE6612821BFCC00C2E24F /* Sources */,
				571CE6622821BFCC00C2E24F /* Frameworks */,
				571CE6632821BFCC00C2E24F /* Resources */,
			);
			buildRules = (
			);
			dependencies = (
			);
			name = MMColorize;
			productName = MMColorize;
			productReference = 571CE6652821BFCC00C2E24F /* MMColorize.app */;
			productType = "com.apple.product-type.application";
		};
/* End PBXNativeTarget section */

/* Begin PBXProject section */
		571CE65D2821BFCC00C2E24F /* Project object */ = {
			isa = PBXProject;
			attributes = {
				BuildIndependentTargetsInParallel = 1;
				LastSwiftUpdateCheck = 1330;
				LastUpgradeCheck = 1330;
				TargetAttributes = {
					571CE6642821BFCC00C2E24F = {
						CreatedOnToolsVersion = 13.3.1;
					};
				};
			};
			buildConfigurationList = 571CE6602821BFCC00C2E24F /* Build configuration list for PBXProject "MMColorize" */;
			compatibilityVersion = "Xcode 13.0";
			developmentRegion = en;
			hasScannedForEncodings = 0;
			knownRegions = (
				en,
				Base,
			);
			mainGroup = 571CE65C2821BFCC00C2E24F;
			productRefGroup = 571CE6662821BFCC00C2E24F /* Products */;
			projectDirPath = "";
			projectRoot = "";
			targets = (
				571CE6642821BFCC00C2E24F /* MMColorize */,
			);
		};
/* End PBXProject section */

/* Begin PBXResourcesBuildPhase section */
		571CE6632821BFCC00C2E24F /* Resources */ = {
			isa = PBXResourcesBuildPhase;
			buildActionMask = 2147483647;
			files = (
				571CE6702821BFCC00C2E24F /* Preview Assets.xcassets in Resources */,
				571CE66D2821BFCC00C2E24F /* Assets.xcassets in Resources */,
			);
			runOnlyForDeploymentPostprocessing = 0;
		};
/* End PBXResourcesBuildPhase section */

/* Begin PBXSourcesBuildPhase section */
		571CE6612821BFCC00C2E24F /* Sources */ = {
			isa = PBXSourcesBuildPhase;
			buildActionMask = 2147483647;
			files = (
				571CE66B2821BFCC00C2E24F /* ContentView.swift in Sources */,
				57894467282339500092D65B /* Game.swift in Sources */,
				571CE6692821BFCC00C2E24F /* MMColorizeApp.swift in Sources */,
				57280A49282896DB00E7BEBA /* ViewExtension.swift in Sources */,
				571836D7283D72D000BFBBA5 /* NeuButtonStyle.swift in Sources */,
				578944692823396F0092D65B /* RGB.swift in Sources */,
				5789446B2823398F0092D65B /* ColorExtension.swift in Sources */,
				578C202228246BA5004E1A99 /* ColorCircle.swift in Sources */,
			);
			runOnlyForDeploymentPostprocessing = 0;
		};
/* End PBXSourcesBuildPhase section */

/* Begin XCBuildConfiguration section */
		571CE6712821BFCC00C2E24F /* Debug */ = {
			isa = XCBuildConfiguration;
			buildSettings = {
				ALWAYS_SEARCH_USER_PATHS = NO;
				CLANG_ANALYZER_NONNULL = YES;
				CLANG_ANALYZER_NUMBER_OBJECT_CONVERSION = YES_AGGRESSIVE;
				CLANG_CXX_LANGUAGE_STANDARD = "gnu++17";
				CLANG_ENABLE_MODULES = YES;
				CLANG_ENABLE_OBJC_ARC = YES;
				CLANG_ENABLE_OBJC_WEAK = YES;
				CLANG_WARN_BLOCK_CAPTURE_AUTORELEASING = YES;
				CLANG_WARN_BOOL_CONVERSION = YES;
				CLANG_WARN_COMMA = YES;
				CLANG_WARN_CONSTANT_CONVERSION = YES;
				CLANG_WARN_DEPRECATED_OBJC_IMPLEMENTATIONS = YES;
				CLANG_WARN_DIRECT_OBJC_ISA_USAGE = YES_ERROR;
				CLANG_WARN_DOCUMENTATION_COMMENTS = YES;
				CLANG_WARN_EMPTY_BODY = YES;
				CLANG_WARN_ENUM_CONVERSION = YES;
				CLANG_WARN_INFINITE_RECURSION = YES;
				CLANG_WARN_INT_CONVERSION = YES;
				CLANG_WARN_NON_LITERAL_NULL_CONVERSION = YES;
				CLANG_WARN_OBJC_IMPLICIT_RETAIN_SELF = YES;
				CLANG_WARN_OBJC_LITERAL_CONVERSION = YES;
				CLANG_WARN_OBJC_ROOT_CLASS = YES_ERROR;
				CLANG_WARN_QUOTED_INCLUDE_IN_FRAMEWORK_HEADER = YES;
				CLANG_WARN_RANGE_LOOP_ANALYSIS = YES;
				CLANG_WARN_STRICT_PROTOTYPES = YES;
				CLANG_WARN_SUSPICIOUS_MOVE = YES;
				CLANG_WARN_UNGUARDED_AVAILABILITY = YES_AGGRESSIVE;
				CLANG_WARN_UNREACHABLE_CODE = YES;
				CLANG_WARN__DUPLICATE_METHOD_MATCH = YES;
				COPY_PHASE_STRIP = NO;
				DEBUG_INFORMATION_FORMAT = dwarf;
				ENABLE_STRICT_OBJC_MSGSEND = YES;
				ENABLE_TESTABILITY = YES;
				GCC_C_LANGUAGE_STANDARD = gnu11;
				GCC_DYNAMIC_NO_PIC = NO;
				GCC_NO_COMMON_BLOCKS = YES;
				GCC_OPTIMIZATION_LEVEL = 0;
				GCC_PREPROCESSOR_DEFINITIONS = (
					"DEBUG=1",
					"$(inherited)",
				);
				GCC_WARN_64_TO_32_BIT_CONVERSION = YES;
				GCC_WARN_ABOUT_RETURN_TYPE = YES_ERROR;
				GCC_WARN_UNDECLARED_SELECTOR = YES;
				GCC_WARN_UNINITIALIZED_AUTOS = YES_AGGRESSIVE;
				GCC_WARN_UNUSED_FUNCTION = YES;
				GCC_WARN_UNUSED_VARIABLE = YES;
				IPHONEOS_DEPLOYMENT_TARGET = 15.4;
				MTL_ENABLE_DEBUG_INFO = INCLUDE_SOURCE;
				MTL_FAST_MATH = YES;
				ONLY_ACTIVE_ARCH = YES;
				SDKROOT = iphoneos;
				SWIFT_ACTIVE_COMPILATION_CONDITIONS = DEBUG;
				SWIFT_OPTIMIZATION_LEVEL = "-Onone";
			};
			name = Debug;
		};
		571CE6722821BFCC00C2E24F /* Release */ = {
			isa = XCBuildConfiguration;
			buildSettings = {
				ALWAYS_SEARCH_USER_PATHS = NO;
				CLANG_ANALYZER_NONNULL = YES;
				CLANG_ANALYZER_NUMBER_OBJECT_CONVERSION = YES_AGGRESSIVE;
				CLANG_CXX_LANGUAGE_STANDARD = "gnu++17";
				CLANG_ENABLE_MODULES = YES;
				CLANG_ENABLE_OBJC_ARC = YES;
				CLANG_ENABLE_OBJC_WEAK = YES;
				CLANG_WARN_BLOCK_CAPTURE_AUTORELEASING = YES;
				CLANG_WARN_BOOL_CONVERSION = YES;
				CLANG_WARN_COMMA = YES;
				CLANG_WARN_CONSTANT_CONVERSION = YES;
				CLANG_WARN_DEPRECATED_OBJC_IMPLEMENTATIONS = YES;
				CLANG_WARN_DIRECT_OBJC_ISA_USAGE = YES_ERROR;
				CLANG_WARN_DOCUMENTATION_COMMENTS = YES;
				CLANG_WARN_EMPTY_BODY = YES;
				CLANG_WARN_ENUM_CONVERSION = YES;
				CLANG_WARN_INFINITE_RECURSION = YES;
				CLANG_WARN_INT_CONVERSION = YES;
				CLANG_WARN_NON_LITERAL_NULL_CONVERSION = YES;
				CLANG_WARN_OBJC_IMPLICIT_RETAIN_SELF = YES;
				CLANG_WARN_OBJC_LITERAL_CONVERSION = YES;
				CLANG_WARN_OBJC_ROOT_CLASS = YES_ERROR;
				CLANG_WARN_QUOTED_INCLUDE_IN_FRAMEWORK_HEADER = YES;
				CLANG_WARN_RANGE_LOOP_ANALYSIS = YES;
				CLANG_WARN_STRICT_PROTOTYPES = YES;
				CLANG_WARN_SUSPICIOUS_MOVE = YES;
				CLANG_WARN_UNGUARDED_AVAILABILITY = YES_AGGRESSIVE;
				CLANG_WARN_UNREACHABLE_CODE = YES;
				CLANG_WARN__DUPLICATE_METHOD_MATCH = YES;
				COPY_PHASE_STRIP = NO;
				DEBUG_INFORMATION_FORMAT = "dwarf-with-dsym";
				ENABLE_NS_ASSERTIONS = NO;
				ENABLE_STRICT_OBJC_MSGSEND = YES;
				GCC_C_LANGUAGE_STANDARD = gnu11;
				GCC_NO_COMMON_BLOCKS = YES;
				GCC_WARN_64_TO_32_BIT_CONVERSION = YES;
				GCC_WARN_ABOUT_RETURN_TYPE = YES_ERROR;
				GCC_WARN_UNDECLARED_SELECTOR = YES;
				GCC_WARN_UNINITIALIZED_AUTOS = YES_AGGRESSIVE;
				GCC_WARN_UNUSED_FUNCTION = YES;
				GCC_WARN_UNUSED_VARIABLE = YES;
				IPHONEOS_DEPLOYMENT_TARGET = 15.4;
				MTL_ENABLE_DEBUG_INFO = NO;
				MTL_FAST_MATH = YES;
				SDKROOT = iphoneos;
				SWIFT_COMPILATION_MODE = wholemodule;
				SWIFT_OPTIMIZATION_LEVEL = "-O";
				VALIDATE_PRODUCT = YES;
			};
			name = Release;
		};
		571CE6742821BFCC00C2E24F /* Debug */ = {
			isa = XCBuildConfiguration;
			buildSettings = {
				ASSETCATALOG_COMPILER_APPICON_NAME = AppIcon;
				ASSETCATALOG_COMPILER_GLOBAL_ACCENT_COLOR_NAME = AccentColor;
				CODE_SIGN_STYLE = Automatic;
				CURRENT_PROJECT_VERSION = 1;
				DEVELOPMENT_ASSET_PATHS = "\"MMColorize/Preview Content\"";
				DEVELOPMENT_TEAM = MY8XJ3F9R5;
				ENABLE_PREVIEWS = YES;
				GENERATE_INFOPLIST_FILE = YES;
				INFOPLIST_KEY_UIApplicationSceneManifest_Generation = YES;
				INFOPLIST_KEY_UIApplicationSupportsIndirectInputEvents = YES;
				INFOPLIST_KEY_UILaunchScreen_Generation = YES;
				INFOPLIST_KEY_UISupportedInterfaceOrientations_iPad = "UIInterfaceOrientationPortrait UIInterfaceOrientationPortraitUpsideDown UIInterfaceOrientationLandscapeLeft UIInterfaceOrientationLandscapeRight";
				INFOPLIST_KEY_UISupportedInterfaceOrientations_iPhone = "UIInterfaceOrientationPortrait UIInterfaceOrientationLandscapeLeft UIInterfaceOrientationLandscapeRight";
				LD_RUNPATH_SEARCH_PATHS = (
					"$(inherited)",
					"@executable_path/Frameworks",
				);
				MARKETING_VERSION = 1.0;
				PRODUCT_BUNDLE_IDENTIFIER = com.asyncamisu.MMColorize;
				PRODUCT_NAME = "$(TARGET_NAME)";
				SWIFT_EMIT_LOC_STRINGS = YES;
				SWIFT_VERSION = 5.0;
				TARGETED_DEVICE_FAMILY = "1,2";
			};
			name = Debug;
		};
		571CE6752821BFCC00C2E24F /* Release */ = {
			isa = XCBuildConfiguration;
			buildSettings = {
				ASSETCATALOG_COMPILER_APPICON_NAME = AppIcon;
				ASSETCATALOG_COMPILER_GLOBAL_ACCENT_COLOR_NAME = AccentColor;
				CODE_SIGN_STYLE = Automatic;
				CURRENT_PROJECT_VERSION = 1;
				DEVELOPMENT_ASSET_PATHS = "\"MMColorize/Preview Content\"";
				DEVELOPMENT_TEAM = MY8XJ3F9R5;
				ENABLE_PREVIEWS = YES;
				GENERATE_INFOPLIST_FILE = YES;
				INFOPLIST_KEY_UIApplicationSceneManifest_Generation = YES;
				INFOPLIST_KEY_UIApplicationSupportsIndirectInputEvents = YES;
				INFOPLIST_KEY_UILaunchScreen_Generation = YES;
				INFOPLIST_KEY_UISupportedInterfaceOrientations_iPad = "UIInterfaceOrientationPortrait UIInterfaceOrientationPortraitUpsideDown UIInterfaceOrientationLandscapeLeft UIInterfaceOrientationLandscapeRight";
				INFOPLIST_KEY_UISupportedInterfaceOrientations_iPhone = "UIInterfaceOrientationPortrait UIInterfaceOrientationLandscapeLeft UIInterfaceOrientationLandscapeRight";
				LD_RUNPATH_SEARCH_PATHS = (
					"$(inherited)",
					"@executable_path/Frameworks",
				);
				MARKETING_VERSION = 1.0;
				PRODUCT_BUNDLE_IDENTIFIER = com.asyncamisu.MMColorize;
				PRODUCT_NAME = "$(TARGET_NAME)";
				SWIFT_EMIT_LOC_STRINGS = YES;
				SWIFT_VERSION = 5.0;
				TARGETED_DEVICE_FAMILY = "1,2";
			};
			name = Release;
		};
/* End XCBuildConfiguration section */

/* Begin XCConfigurationList section */
		571CE6602821BFCC00C2E24F /* Build configuration list for PBXProject "MMColorize" */ = {
			isa = XCConfigurationList;
			buildConfigurations = (
				571CE6712821BFCC00C2E24F /* Debug */,
				571CE6722821BFCC00C2E24F /* Release */,
			);
			defaultConfigurationIsVisible = 0;
			defaultConfigurationName = Release;
		};
		571CE6732821BFCC00C2E24F /* Build configuration list for PBXNativeTarget "MMColorize" */ = {
			isa = XCConfigurationList;
			buildConfigurations = (
				571CE6742821BFCC00C2E24F /* Debug */,
				571CE6752821BFCC00C2E24F /* Release */,
			);
			defaultConfigurationIsVisible = 0;
			defaultConfigurationName = Release;
		};
/* End XCConfigurationList section */
	};
	rootObject = 571CE65D2821BFCC00C2E24F /* Project object */;
}
